
Microsoft Visual Studio Solution File, Format Version 12.00
# Visual Studio 15
VisualStudioVersion = 15.0.27130.2020
MinimumVisualStudioVersion = 10.0.40219.1
Project("{FAE04EC0-301F-11D3-BF4B-00C04F79EFBC}") = "Angulllarrr", "Angulllarrr\Angulllarrr.csproj", "{02845751-B29B-45E9-AD7A-B54B1B65B3A2}"
EndProject
Global
	GlobalSection(SolutionConfigurationPlatforms) = preSolution
		Debug|Any CPU = Debug|Any CPU
		Release|Any CPU = Release|Any CPU
	EndGlobalSection
	GlobalSection(ProjectConfigurationPlatforms) = postSolution
		{02845751-B29B-45E9-AD7A-B54B1B65B3A2}.Debug|Any CPU.ActiveCfg = Debug|Any CPU
		{02845751-B29B-45E9-AD7A-B54B1B65B3A2}.Debug|Any CPU.Build.0 = Debug|Any CPU
		{02845751-B29B-45E9-AD7A-B54B1B65B3A2}.Release|Any CPU.ActiveCfg = Release|Any CPU
		{02845751-B29B-45E9-AD7A-B54B1B65B3A2}.Release|Any CPU.Build.0 = Release|Any CPU
	EndGlobalSection
	GlobalSection(SolutionProperties) = preSolution
		HideSolutionNode = FALSE
	EndGlobalSection
	GlobalSection(ExtensibilityGlobals) = postSolution
		SolutionGuid = {014606C1-0825-41E3-8AEE-B5AFEE9B1096}
	EndGlobalSection
EndGlobal
